// !$*UTF8*$!
{
	archiveVersion = 1;
	classes = {
	};
	objectVersion = 55;
	objects = {

/* Begin PBXBuildFile section */
		55EB287358513C7FE3394A67 /* Pods_pokedex.framework in Frameworks */ = {isa = PBXBuildFile; fileRef = 36426E847D7B64FF8901CBEE /* Pods_pokedex.framework */; };
		CE01904C29304AC300870D24 /* Apollo in Frameworks */ = {isa = PBXBuildFile; productRef = CE01904B29304AC300870D24 /* Apollo */; };
		CE01905029304AC300870D24 /* ApolloAPI in Frameworks */ = {isa = PBXBuildFile; productRef = CE01904F29304AC300870D24 /* ApolloAPI */; };
		CE01905429304AC300870D24 /* ApolloSQLite in Frameworks */ = {isa = PBXBuildFile; productRef = CE01905329304AC300870D24 /* ApolloSQLite */; };
		CE01905629304AC300870D24 /* ApolloUtils in Frameworks */ = {isa = PBXBuildFile; productRef = CE01905529304AC300870D24 /* ApolloUtils */; };
		CE01905829304AC300870D24 /* ApolloWebSocket in Frameworks */ = {isa = PBXBuildFile; productRef = CE01905729304AC300870D24 /* ApolloWebSocket */; };
		CE01905C29304C0500870D24 /* GraphQLConverter.swift in Sources */ = {isa = PBXBuildFile; fileRef = CE01905B29304C0500870D24 /* GraphQLConverter.swift */; };
		CE01905E29304C1400870D24 /* Queries.graphql in Resources */ = {isa = PBXBuildFile; fileRef = CE01905D29304C1400870D24 /* Queries.graphql */; };
		CE0190662930550300870D24 /* PokeApiResponse.swift in Sources */ = {isa = PBXBuildFile; fileRef = CE0190652930550300870D24 /* PokeApiResponse.swift */; };
		CE0190682930EFFD00870D24 /* Constants.swift in Sources */ = {isa = PBXBuildFile; fileRef = CE0190672930EFFD00870D24 /* Constants.swift */; };
		CE01906A2930F06D00870D24 /* PokemonWeaknesses.swift in Sources */ = {isa = PBXBuildFile; fileRef = CE0190692930F06D00870D24 /* PokemonWeaknesses.swift */; };
		CE01906C2930F0CC00870D24 /* NetworkManager.swift in Sources */ = {isa = PBXBuildFile; fileRef = CE01906B2930F0CC00870D24 /* NetworkManager.swift */; };
		CE0190752931438500870D24 /* PokemonTableViewCell.swift in Sources */ = {isa = PBXBuildFile; fileRef = CE0190732931438500870D24 /* PokemonTableViewCell.swift */; };
		CE0190762931438500870D24 /* PokemonTableViewCell.xib in Resources */ = {isa = PBXBuildFile; fileRef = CE0190742931438500870D24 /* PokemonTableViewCell.xib */; };
		CE0190782931620D00870D24 /* PokemonListViewModel.swift in Sources */ = {isa = PBXBuildFile; fileRef = CE0190772931620D00870D24 /* PokemonListViewModel.swift */; };
		CE01907D2931641500870D24 /* PokedexManager.swift in Sources */ = {isa = PBXBuildFile; fileRef = CE01907C2931641500870D24 /* PokedexManager.swift */; };
		CE0516902934FDDC004DEA1D /* PokemonDetailViewController.swift in Sources */ = {isa = PBXBuildFile; fileRef = CE05168E2934FDDC004DEA1D /* PokemonDetailViewController.swift */; };
		CE0516912934FDDC004DEA1D /* PokemonDetailViewController.xib in Resources */ = {isa = PBXBuildFile; fileRef = CE05168F2934FDDC004DEA1D /* PokemonDetailViewController.xib */; };
		CE05169529350F39004DEA1D /* UIViewExtension.swift in Sources */ = {isa = PBXBuildFile; fileRef = CE05169429350F39004DEA1D /* UIViewExtension.swift */; };
		CE05169729351270004DEA1D /* Gradient.swift in Sources */ = {isa = PBXBuildFile; fileRef = CE05169629351270004DEA1D /* Gradient.swift */; };
		CE05169B293544BA004DEA1D /* PokemonHelper.swift in Sources */ = {isa = PBXBuildFile; fileRef = CE05169A293544BA004DEA1D /* PokemonHelper.swift */; };
		CE30C1342937C62900ECB1C3 /* PokemonDetailViewModel.swift in Sources */ = {isa = PBXBuildFile; fileRef = CE30C1332937C62900ECB1C3 /* PokemonDetailViewModel.swift */; };
		CE3A2B2D292F1B2B00D6AEFC /* AppDelegate.swift in Sources */ = {isa = PBXBuildFile; fileRef = CE3A2B2C292F1B2B00D6AEFC /* AppDelegate.swift */; };
		CE3A2B2F292F1B2B00D6AEFC /* SceneDelegate.swift in Sources */ = {isa = PBXBuildFile; fileRef = CE3A2B2E292F1B2B00D6AEFC /* SceneDelegate.swift */; };
		CE3A2B31292F1B2B00D6AEFC /* PokemonListViewController.swift in Sources */ = {isa = PBXBuildFile; fileRef = CE3A2B30292F1B2B00D6AEFC /* PokemonListViewController.swift */; };
		CE3A2B34292F1B2B00D6AEFC /* Main.storyboard in Resources */ = {isa = PBXBuildFile; fileRef = CE3A2B32292F1B2B00D6AEFC /* Main.storyboard */; };
		CE3A2B37292F1B2B00D6AEFC /* pokedex.xcdatamodeld in Sources */ = {isa = PBXBuildFile; fileRef = CE3A2B35292F1B2B00D6AEFC /* pokedex.xcdatamodeld */; };
		CE3A2B39292F1B2C00D6AEFC /* Assets.xcassets in Resources */ = {isa = PBXBuildFile; fileRef = CE3A2B38292F1B2C00D6AEFC /* Assets.xcassets */; };
		CE3A2B3C292F1B2C00D6AEFC /* LaunchScreen.storyboard in Resources */ = {isa = PBXBuildFile; fileRef = CE3A2B3A292F1B2C00D6AEFC /* LaunchScreen.storyboard */; };
		CE3A2B47292F1B2D00D6AEFC /* pokedexTests.swift in Sources */ = {isa = PBXBuildFile; fileRef = CE3A2B46292F1B2D00D6AEFC /* pokedexTests.swift */; };
		CE8B967F293A431A00724015 /* PokemonStatisticsView.xib in Resources */ = {isa = PBXBuildFile; fileRef = CE8B967E293A431A00724015 /* PokemonStatisticsView.xib */; };
		CE8B9681293A43A500724015 /* PokemonStatisticsSlide.swift in Sources */ = {isa = PBXBuildFile; fileRef = CE8B9680293A43A500724015 /* PokemonStatisticsSlide.swift */; };
		CE8B9683293A808A00724015 /* PokemonEvolutionView.xib in Resources */ = {isa = PBXBuildFile; fileRef = CE8B9682293A808A00724015 /* PokemonEvolutionView.xib */; };
		CE8B9685293A809A00724015 /* PokemonEvolutionSlide.swift in Sources */ = {isa = PBXBuildFile; fileRef = CE8B9684293A809A00724015 /* PokemonEvolutionSlide.swift */; };
		CEABC524293D4D8100A38044 /* API.swift in Sources */ = {isa = PBXBuildFile; fileRef = CEABC523293D4D8100A38044 /* API.swift */; };
		CEB063A72936941E00B9951B /* PokemonColors.swift in Sources */ = {isa = PBXBuildFile; fileRef = CEB063A62936941E00B9951B /* PokemonColors.swift */; };
		CEB063A92936965A00B9951B /* UIColorExtension.swift in Sources */ = {isa = PBXBuildFile; fileRef = CEB063A82936965A00B9951B /* UIColorExtension.swift */; };
		CEB063B02936C45300B9951B /* EvolutionTableViewCell.swift in Sources */ = {isa = PBXBuildFile; fileRef = CEB063AE2936C45300B9951B /* EvolutionTableViewCell.swift */; };
		CEB063B12936C45300B9951B /* EvolutionTableViewCell.xib in Resources */ = {isa = PBXBuildFile; fileRef = CEB063AF2936C45300B9951B /* EvolutionTableViewCell.xib */; };
		CEDA65AD2938F49D0014DDD4 /* ImageHelper.swift in Sources */ = {isa = PBXBuildFile; fileRef = CEDA65AC2938F49D0014DDD4 /* ImageHelper.swift */; };
		D541ACF03846B7DD36345953 /* Pods_pokedexTests.framework in Frameworks */ = {isa = PBXBuildFile; fileRef = C0B398912E0E821DB4810078 /* Pods_pokedexTests.framework */; };
/* End PBXBuildFile section */

/* Begin PBXContainerItemProxy section */
		CE3A2B43292F1B2D00D6AEFC /* PBXContainerItemProxy */ = {
			isa = PBXContainerItemProxy;
			containerPortal = CE3A2B21292F1B2B00D6AEFC /* Project object */;
			proxyType = 1;
			remoteGlobalIDString = CE3A2B28292F1B2B00D6AEFC;
			remoteInfo = pokedex;
		};
/* End PBXContainerItemProxy section */

/* Begin PBXFileReference section */
		25A29FDE5BA1A1DD689227D3 /* Pods-pokedexTests.release.xcconfig */ = {isa = PBXFileReference; includeInIndex = 1; lastKnownFileType = text.xcconfig; name = "Pods-pokedexTests.release.xcconfig"; path = "Target Support Files/Pods-pokedexTests/Pods-pokedexTests.release.xcconfig"; sourceTree = "<group>"; };
		36426E847D7B64FF8901CBEE /* Pods_pokedex.framework */ = {isa = PBXFileReference; explicitFileType = wrapper.framework; includeInIndex = 0; path = Pods_pokedex.framework; sourceTree = BUILT_PRODUCTS_DIR; };
		3A41B560B84DAC07A6BC5D58 /* Pods-pokedex.release.xcconfig */ = {isa = PBXFileReference; includeInIndex = 1; lastKnownFileType = text.xcconfig; name = "Pods-pokedex.release.xcconfig"; path = "Target Support Files/Pods-pokedex/Pods-pokedex.release.xcconfig"; sourceTree = "<group>"; };
		62588C239A44A7E641C93B06 /* Pods-pokedex.debug.xcconfig */ = {isa = PBXFileReference; includeInIndex = 1; lastKnownFileType = text.xcconfig; name = "Pods-pokedex.debug.xcconfig"; path = "Target Support Files/Pods-pokedex/Pods-pokedex.debug.xcconfig"; sourceTree = "<group>"; };
		646F588B80627F24114473BB /* Pods-pokedexTests.debug.xcconfig */ = {isa = PBXFileReference; includeInIndex = 1; lastKnownFileType = text.xcconfig; name = "Pods-pokedexTests.debug.xcconfig"; path = "Target Support Files/Pods-pokedexTests/Pods-pokedexTests.debug.xcconfig"; sourceTree = "<group>"; };
		C0B398912E0E821DB4810078 /* Pods_pokedexTests.framework */ = {isa = PBXFileReference; explicitFileType = wrapper.framework; includeInIndex = 0; path = Pods_pokedexTests.framework; sourceTree = BUILT_PRODUCTS_DIR; };
		CE01905B29304C0500870D24 /* GraphQLConverter.swift */ = {isa = PBXFileReference; fileEncoding = 4; lastKnownFileType = sourcecode.swift; path = GraphQLConverter.swift; sourceTree = "<group>"; };
		CE01905D29304C1400870D24 /* Queries.graphql */ = {isa = PBXFileReference; fileEncoding = 4; lastKnownFileType = text; path = Queries.graphql; sourceTree = "<group>"; };
		CE0190652930550300870D24 /* PokeApiResponse.swift */ = {isa = PBXFileReference; lastKnownFileType = sourcecode.swift; path = PokeApiResponse.swift; sourceTree = "<group>"; };
		CE0190672930EFFD00870D24 /* Constants.swift */ = {isa = PBXFileReference; lastKnownFileType = sourcecode.swift; path = Constants.swift; sourceTree = "<group>"; };
		CE0190692930F06D00870D24 /* PokemonWeaknesses.swift */ = {isa = PBXFileReference; lastKnownFileType = sourcecode.swift; path = PokemonWeaknesses.swift; sourceTree = "<group>"; };
		CE01906B2930F0CC00870D24 /* NetworkManager.swift */ = {isa = PBXFileReference; lastKnownFileType = sourcecode.swift; path = NetworkManager.swift; sourceTree = "<group>"; };
		CE0190732931438500870D24 /* PokemonTableViewCell.swift */ = {isa = PBXFileReference; lastKnownFileType = sourcecode.swift; path = PokemonTableViewCell.swift; sourceTree = "<group>"; };
		CE0190742931438500870D24 /* PokemonTableViewCell.xib */ = {isa = PBXFileReference; lastKnownFileType = file.xib; path = PokemonTableViewCell.xib; sourceTree = "<group>"; };
		CE0190772931620D00870D24 /* PokemonListViewModel.swift */ = {isa = PBXFileReference; lastKnownFileType = sourcecode.swift; path = PokemonListViewModel.swift; sourceTree = "<group>"; };
		CE01907C2931641500870D24 /* PokedexManager.swift */ = {isa = PBXFileReference; lastKnownFileType = sourcecode.swift; path = PokedexManager.swift; sourceTree = "<group>"; };
		CE05168E2934FDDC004DEA1D /* PokemonDetailViewController.swift */ = {isa = PBXFileReference; lastKnownFileType = sourcecode.swift; path = PokemonDetailViewController.swift; sourceTree = "<group>"; };
		CE05168F2934FDDC004DEA1D /* PokemonDetailViewController.xib */ = {isa = PBXFileReference; lastKnownFileType = file.xib; path = PokemonDetailViewController.xib; sourceTree = "<group>"; };
		CE05169429350F39004DEA1D /* UIViewExtension.swift */ = {isa = PBXFileReference; lastKnownFileType = sourcecode.swift; path = UIViewExtension.swift; sourceTree = "<group>"; };
		CE05169629351270004DEA1D /* Gradient.swift */ = {isa = PBXFileReference; lastKnownFileType = sourcecode.swift; path = Gradient.swift; sourceTree = "<group>"; };
		CE05169A293544BA004DEA1D /* PokemonHelper.swift */ = {isa = PBXFileReference; lastKnownFileType = sourcecode.swift; path = PokemonHelper.swift; sourceTree = "<group>"; };
		CE30C1332937C62900ECB1C3 /* PokemonDetailViewModel.swift */ = {isa = PBXFileReference; lastKnownFileType = sourcecode.swift; path = PokemonDetailViewModel.swift; sourceTree = "<group>"; };
		CE3A2B29292F1B2B00D6AEFC /* pokedex.app */ = {isa = PBXFileReference; explicitFileType = wrapper.application; includeInIndex = 0; path = pokedex.app; sourceTree = BUILT_PRODUCTS_DIR; };
		CE3A2B2C292F1B2B00D6AEFC /* AppDelegate.swift */ = {isa = PBXFileReference; lastKnownFileType = sourcecode.swift; path = AppDelegate.swift; sourceTree = "<group>"; };
		CE3A2B2E292F1B2B00D6AEFC /* SceneDelegate.swift */ = {isa = PBXFileReference; lastKnownFileType = sourcecode.swift; path = SceneDelegate.swift; sourceTree = "<group>"; };
		CE3A2B30292F1B2B00D6AEFC /* PokemonListViewController.swift */ = {isa = PBXFileReference; lastKnownFileType = sourcecode.swift; path = PokemonListViewController.swift; sourceTree = "<group>"; };
		CE3A2B33292F1B2B00D6AEFC /* Base */ = {isa = PBXFileReference; lastKnownFileType = file.storyboard; name = Base; path = Base.lproj/Main.storyboard; sourceTree = "<group>"; };
		CE3A2B36292F1B2B00D6AEFC /* pokedex.xcdatamodel */ = {isa = PBXFileReference; lastKnownFileType = wrapper.xcdatamodel; path = pokedex.xcdatamodel; sourceTree = "<group>"; };
		CE3A2B38292F1B2C00D6AEFC /* Assets.xcassets */ = {isa = PBXFileReference; lastKnownFileType = folder.assetcatalog; path = Assets.xcassets; sourceTree = "<group>"; };
		CE3A2B3B292F1B2C00D6AEFC /* Base */ = {isa = PBXFileReference; lastKnownFileType = file.storyboard; name = Base; path = Base.lproj/LaunchScreen.storyboard; sourceTree = "<group>"; };
		CE3A2B3D292F1B2C00D6AEFC /* Info.plist */ = {isa = PBXFileReference; lastKnownFileType = text.plist.xml; path = Info.plist; sourceTree = "<group>"; };
		CE3A2B42292F1B2D00D6AEFC /* pokedexTests.xctest */ = {isa = PBXFileReference; explicitFileType = wrapper.cfbundle; includeInIndex = 0; path = pokedexTests.xctest; sourceTree = BUILT_PRODUCTS_DIR; };
		CE3A2B46292F1B2D00D6AEFC /* pokedexTests.swift */ = {isa = PBXFileReference; lastKnownFileType = sourcecode.swift; path = pokedexTests.swift; sourceTree = "<group>"; };
		CE8B967E293A431A00724015 /* PokemonStatisticsView.xib */ = {isa = PBXFileReference; lastKnownFileType = file.xib; path = PokemonStatisticsView.xib; sourceTree = "<group>"; };
		CE8B9680293A43A500724015 /* PokemonStatisticsSlide.swift */ = {isa = PBXFileReference; lastKnownFileType = sourcecode.swift; path = PokemonStatisticsSlide.swift; sourceTree = "<group>"; };
		CE8B9682293A808A00724015 /* PokemonEvolutionView.xib */ = {isa = PBXFileReference; lastKnownFileType = file.xib; path = PokemonEvolutionView.xib; sourceTree = "<group>"; };
		CE8B9684293A809A00724015 /* PokemonEvolutionSlide.swift */ = {isa = PBXFileReference; lastKnownFileType = sourcecode.swift; path = PokemonEvolutionSlide.swift; sourceTree = "<group>"; };
		CEABC523293D4D8100A38044 /* API.swift */ = {isa = PBXFileReference; fileEncoding = 4; lastKnownFileType = sourcecode.swift; name = API.swift; path = pokedex/API.swift; sourceTree = SOURCE_ROOT; };
		CEB063A62936941E00B9951B /* PokemonColors.swift */ = {isa = PBXFileReference; lastKnownFileType = sourcecode.swift; path = PokemonColors.swift; sourceTree = "<group>"; };
		CEB063A82936965A00B9951B /* UIColorExtension.swift */ = {isa = PBXFileReference; lastKnownFileType = sourcecode.swift; path = UIColorExtension.swift; sourceTree = "<group>"; };
		CEB063AE2936C45300B9951B /* EvolutionTableViewCell.swift */ = {isa = PBXFileReference; lastKnownFileType = sourcecode.swift; path = EvolutionTableViewCell.swift; sourceTree = "<group>"; };
		CEB063AF2936C45300B9951B /* EvolutionTableViewCell.xib */ = {isa = PBXFileReference; lastKnownFileType = file.xib; path = EvolutionTableViewCell.xib; sourceTree = "<group>"; };
		CEDA65AC2938F49D0014DDD4 /* ImageHelper.swift */ = {isa = PBXFileReference; lastKnownFileType = sourcecode.swift; path = ImageHelper.swift; sourceTree = "<group>"; };
/* End PBXFileReference section */

/* Begin PBXFrameworksBuildPhase section */
		CE3A2B26292F1B2B00D6AEFC /* Frameworks */ = {
			isa = PBXFrameworksBuildPhase;
			buildActionMask = 2147483647;
			files = (
				CE01904C29304AC300870D24 /* Apollo in Frameworks */,
				CE01905029304AC300870D24 /* ApolloAPI in Frameworks */,
				CE01905629304AC300870D24 /* ApolloUtils in Frameworks */,
				CE01905829304AC300870D24 /* ApolloWebSocket in Frameworks */,
				CE01905429304AC300870D24 /* ApolloSQLite in Frameworks */,
				55EB287358513C7FE3394A67 /* Pods_pokedex.framework in Frameworks */,
			);
			runOnlyForDeploymentPostprocessing = 0;
		};
		CE3A2B3F292F1B2D00D6AEFC /* Frameworks */ = {
			isa = PBXFrameworksBuildPhase;
			buildActionMask = 2147483647;
			files = (
				D541ACF03846B7DD36345953 /* Pods_pokedexTests.framework in Frameworks */,
			);
			runOnlyForDeploymentPostprocessing = 0;
		};
/* End PBXFrameworksBuildPhase section */

/* Begin PBXGroup section */
		1A4A2141D7B3AFA674DC239A /* Pods */ = {
			isa = PBXGroup;
			children = (
				62588C239A44A7E641C93B06 /* Pods-pokedex.debug.xcconfig */,
				3A41B560B84DAC07A6BC5D58 /* Pods-pokedex.release.xcconfig */,
				646F588B80627F24114473BB /* Pods-pokedexTests.debug.xcconfig */,
				25A29FDE5BA1A1DD689227D3 /* Pods-pokedexTests.release.xcconfig */,
			);
			path = Pods;
			sourceTree = "<group>";
		};
		5F2DCB7016C08560DA33BC95 /* Frameworks */ = {
			isa = PBXGroup;
			children = (
				36426E847D7B64FF8901CBEE /* Pods_pokedex.framework */,
				C0B398912E0E821DB4810078 /* Pods_pokedexTests.framework */,
			);
			name = Frameworks;
			sourceTree = "<group>";
		};
		CE01905929304B7E00870D24 /* helpers */ = {
			isa = PBXGroup;
			children = (
				CE01905A29304BC700870D24 /* GraphQL */,
				CE0190672930EFFD00870D24 /* Constants.swift */,
				CE0190692930F06D00870D24 /* PokemonWeaknesses.swift */,
				CEB063A62936941E00B9951B /* PokemonColors.swift */,
				CEDA65AC2938F49D0014DDD4 /* ImageHelper.swift */,
			);
			path = helpers;
			sourceTree = "<group>";
		};
		CE01905A29304BC700870D24 /* GraphQL */ = {
			isa = PBXGroup;
			children = (
				CEABC523293D4D8100A38044 /* API.swift */,
				CE01905D29304C1400870D24 /* Queries.graphql */,
				CE01905B29304C0500870D24 /* GraphQLConverter.swift */,
			);
			path = GraphQL;
			sourceTree = "<group>";
		};
		CE019064293054EB00870D24 /* models */ = {
			isa = PBXGroup;
			children = (
				CE0190652930550300870D24 /* PokeApiResponse.swift */,
			);
			path = models;
			sourceTree = "<group>";
		};
		CE01906D2930F43B00870D24 /* modules */ = {
			isa = PBXGroup;
			children = (
				CE05168A2934FD93004DEA1D /* pokemonDetail */,
				CE01906E2930F4BA00870D24 /* pokemonList */,
			);
			path = modules;
			sourceTree = "<group>";
		};
		CE01906E2930F4BA00870D24 /* pokemonList */ = {
			isa = PBXGroup;
			children = (
				CE0190712930F57200870D24 /* views */,
				CE0190702930F56B00870D24 /* controllers */,
				CE01906F2930F56400870D24 /* viewmodels */,
			);
			path = pokemonList;
			sourceTree = "<group>";
		};
		CE01906F2930F56400870D24 /* viewmodels */ = {
			isa = PBXGroup;
			children = (
				CE0190772931620D00870D24 /* PokemonListViewModel.swift */,
			);
			path = viewmodels;
			sourceTree = "<group>";
		};
		CE0190702930F56B00870D24 /* controllers */ = {
			isa = PBXGroup;
			children = (
				CE3A2B30292F1B2B00D6AEFC /* PokemonListViewController.swift */,
				CE0190732931438500870D24 /* PokemonTableViewCell.swift */,
			);
			path = controllers;
			sourceTree = "<group>";
		};
		CE0190712930F57200870D24 /* views */ = {
			isa = PBXGroup;
			children = (
				CE3A2B32292F1B2B00D6AEFC /* Main.storyboard */,
				CE0190742931438500870D24 /* PokemonTableViewCell.xib */,
			);
			path = views;
			sourceTree = "<group>";
		};
		CE0190792931633500870D24 /* repository */ = {
			isa = PBXGroup;
			children = (
				CE01907A2931636E00870D24 /* network */,
			);
			path = repository;
			sourceTree = "<group>";
		};
		CE01907A2931636E00870D24 /* network */ = {
			isa = PBXGroup;
			children = (
				CE01907B2931637E00870D24 /* managers */,
			);
			path = network;
			sourceTree = "<group>";
		};
		CE01907B2931637E00870D24 /* managers */ = {
			isa = PBXGroup;
			children = (
				CE01906B2930F0CC00870D24 /* NetworkManager.swift */,
				CE01907C2931641500870D24 /* PokedexManager.swift */,
			);
			path = managers;
			sourceTree = "<group>";
		};
		CE05168A2934FD93004DEA1D /* pokemonDetail */ = {
			isa = PBXGroup;
			children = (
				CE05168B2934FD9C004DEA1D /* views */,
				CE05168C2934FDA5004DEA1D /* controllers */,
				CE05168D2934FDAA004DEA1D /* viewmodels */,
			);
			path = pokemonDetail;
			sourceTree = "<group>";
		};
		CE05168B2934FD9C004DEA1D /* views */ = {
			isa = PBXGroup;
			children = (
				CE05168F2934FDDC004DEA1D /* PokemonDetailViewController.xib */,
				CEB063AF2936C45300B9951B /* EvolutionTableViewCell.xib */,
				CE8B967E293A431A00724015 /* PokemonStatisticsView.xib */,
				CE8B9682293A808A00724015 /* PokemonEvolutionView.xib */,
			);
			path = views;
			sourceTree = "<group>";
		};
		CE05168C2934FDA5004DEA1D /* controllers */ = {
			isa = PBXGroup;
			children = (
				CE05168E2934FDDC004DEA1D /* PokemonDetailViewController.swift */,
				CEB063AE2936C45300B9951B /* EvolutionTableViewCell.swift */,
				CE8B9680293A43A500724015 /* PokemonStatisticsSlide.swift */,
				CE8B9684293A809A00724015 /* PokemonEvolutionSlide.swift */,
			);
			path = controllers;
			sourceTree = "<group>";
		};
		CE05168D2934FDAA004DEA1D /* viewmodels */ = {
			isa = PBXGroup;
			children = (
				CE30C1332937C62900ECB1C3 /* PokemonDetailViewModel.swift */,
			);
			path = viewmodels;
			sourceTree = "<group>";
		};
		CE05169229350F08004DEA1D /* utilities */ = {
			isa = PBXGroup;
			children = (
				CE05169329350F0E004DEA1D /* extensions */,
				CE05169A293544BA004DEA1D /* PokemonHelper.swift */,
			);
			path = utilities;
			sourceTree = "<group>";
		};
		CE05169329350F0E004DEA1D /* extensions */ = {
			isa = PBXGroup;
			children = (
				CE05169429350F39004DEA1D /* UIViewExtension.swift */,
				CE05169629351270004DEA1D /* Gradient.swift */,
				CEB063A82936965A00B9951B /* UIColorExtension.swift */,
			);
			path = extensions;
			sourceTree = "<group>";
		};
		CE3A2B20292F1B2B00D6AEFC = {
			isa = PBXGroup;
			children = (
				CE3A2B2B292F1B2B00D6AEFC /* pokedex */,
				CE3A2B45292F1B2D00D6AEFC /* pokedexTests */,
				CE3A2B2A292F1B2B00D6AEFC /* Products */,
				1A4A2141D7B3AFA674DC239A /* Pods */,
				5F2DCB7016C08560DA33BC95 /* Frameworks */,
			);
			sourceTree = "<group>";
		};
		CE3A2B2A292F1B2B00D6AEFC /* Products */ = {
			isa = PBXGroup;
			children = (
				CE3A2B29292F1B2B00D6AEFC /* pokedex.app */,
				CE3A2B42292F1B2D00D6AEFC /* pokedexTests.xctest */,
			);
			name = Products;
			sourceTree = "<group>";
		};
		CE3A2B2B292F1B2B00D6AEFC /* pokedex */ = {
			isa = PBXGroup;
			children = (
				CE05169229350F08004DEA1D /* utilities */,
				CE0190792931633500870D24 /* repository */,
				CE01906D2930F43B00870D24 /* modules */,
				CE019064293054EB00870D24 /* models */,
				CE01905929304B7E00870D24 /* helpers */,
				CE3A2B2C292F1B2B00D6AEFC /* AppDelegate.swift */,
				CE3A2B2E292F1B2B00D6AEFC /* SceneDelegate.swift */,
				CE3A2B38292F1B2C00D6AEFC /* Assets.xcassets */,
				CE3A2B3A292F1B2C00D6AEFC /* LaunchScreen.storyboard */,
				CE3A2B3D292F1B2C00D6AEFC /* Info.plist */,
				CE3A2B35292F1B2B00D6AEFC /* pokedex.xcdatamodeld */,
			);
			path = pokedex;
			sourceTree = "<group>";
		};
		CE3A2B45292F1B2D00D6AEFC /* pokedexTests */ = {
			isa = PBXGroup;
			children = (
				CE3A2B46292F1B2D00D6AEFC /* pokedexTests.swift */,
			);
			path = pokedexTests;
			sourceTree = "<group>";
		};
/* End PBXGroup section */

/* Begin PBXNativeTarget section */
		CE3A2B28292F1B2B00D6AEFC /* pokedex */ = {
			isa = PBXNativeTarget;
			buildConfigurationList = CE3A2B56292F1B2D00D6AEFC /* Build configuration list for PBXNativeTarget "pokedex" */;
			buildPhases = (
				1E850C0C2735784C9EDCE40D /* [CP] Check Pods Manifest.lock */,
				CE01906129304C6D00870D24 /* Apollo GraphQL */,
				CE3A2B25292F1B2B00D6AEFC /* Sources */,
				CE3A2B26292F1B2B00D6AEFC /* Frameworks */,
				CE3A2B27292F1B2B00D6AEFC /* Resources */,
				CE3A2B5F292FA8CD00D6AEFC /* Swift Lint */,
				6F5E5B4A12A50A41AE9EC40C /* [CP] Embed Pods Frameworks */,
			);
			buildRules = (
			);
			dependencies = (
			);
			name = pokedex;
			packageProductDependencies = (
				CE01904B29304AC300870D24 /* Apollo */,
				CE01904F29304AC300870D24 /* ApolloAPI */,
				CE01905329304AC300870D24 /* ApolloSQLite */,
				CE01905529304AC300870D24 /* ApolloUtils */,
				CE01905729304AC300870D24 /* ApolloWebSocket */,
			);
			productName = pokedex;
			productReference = CE3A2B29292F1B2B00D6AEFC /* pokedex.app */;
			productType = "com.apple.product-type.application";
		};
		CE3A2B41292F1B2D00D6AEFC /* pokedexTests */ = {
			isa = PBXNativeTarget;
			buildConfigurationList = CE3A2B59292F1B2D00D6AEFC /* Build configuration list for PBXNativeTarget "pokedexTests" */;
			buildPhases = (
				65C454B20E7A4E9408FCA31B /* [CP] Check Pods Manifest.lock */,
				CE3A2B3E292F1B2D00D6AEFC /* Sources */,
				CE3A2B3F292F1B2D00D6AEFC /* Frameworks */,
				CE3A2B40292F1B2D00D6AEFC /* Resources */,
			);
			buildRules = (
			);
			dependencies = (
				CE3A2B44292F1B2D00D6AEFC /* PBXTargetDependency */,
			);
			name = pokedexTests;
			productName = pokedexTests;
			productReference = CE3A2B42292F1B2D00D6AEFC /* pokedexTests.xctest */;
			productType = "com.apple.product-type.bundle.unit-test";
		};
/* End PBXNativeTarget section */

/* Begin PBXProject section */
		CE3A2B21292F1B2B00D6AEFC /* Project object */ = {
			isa = PBXProject;
			attributes = {
				BuildIndependentTargetsInParallel = 1;
				LastSwiftUpdateCheck = 1340;
				LastUpgradeCheck = 1340;
				TargetAttributes = {
					CE3A2B28292F1B2B00D6AEFC = {
						CreatedOnToolsVersion = 13.4;
					};
					CE3A2B41292F1B2D00D6AEFC = {
						CreatedOnToolsVersion = 13.4;
						TestTargetID = CE3A2B28292F1B2B00D6AEFC;
					};
				};
			};
			buildConfigurationList = CE3A2B24292F1B2B00D6AEFC /* Build configuration list for PBXProject "pokedex" */;
			compatibilityVersion = "Xcode 13.0";
			developmentRegion = en;
			hasScannedForEncodings = 0;
			knownRegions = (
				en,
				Base,
			);
			mainGroup = CE3A2B20292F1B2B00D6AEFC;
			packageReferences = (
				CE01904A29304AC300870D24 /* XCRemoteSwiftPackageReference "apollo-ios" */,
			);
			productRefGroup = CE3A2B2A292F1B2B00D6AEFC /* Products */;
			projectDirPath = "";
			projectRoot = "";
			targets = (
				CE3A2B28292F1B2B00D6AEFC /* pokedex */,
				CE3A2B41292F1B2D00D6AEFC /* pokedexTests */,
			);
		};
/* End PBXProject section */

/* Begin PBXResourcesBuildPhase section */
		CE3A2B27292F1B2B00D6AEFC /* Resources */ = {
			isa = PBXResourcesBuildPhase;
			buildActionMask = 2147483647;
			files = (
				CE8B967F293A431A00724015 /* PokemonStatisticsView.xib in Resources */,
				CE3A2B3C292F1B2C00D6AEFC /* LaunchScreen.storyboard in Resources */,
				CE0190762931438500870D24 /* PokemonTableViewCell.xib in Resources */,
				CEB063B12936C45300B9951B /* EvolutionTableViewCell.xib in Resources */,
				CE3A2B39292F1B2C00D6AEFC /* Assets.xcassets in Resources */,
				CE01905E29304C1400870D24 /* Queries.graphql in Resources */,
				CE8B9683293A808A00724015 /* PokemonEvolutionView.xib in Resources */,
				CE3A2B34292F1B2B00D6AEFC /* Main.storyboard in Resources */,
				CE0516912934FDDC004DEA1D /* PokemonDetailViewController.xib in Resources */,
			);
			runOnlyForDeploymentPostprocessing = 0;
		};
		CE3A2B40292F1B2D00D6AEFC /* Resources */ = {
			isa = PBXResourcesBuildPhase;
			buildActionMask = 2147483647;
			files = (
			);
			runOnlyForDeploymentPostprocessing = 0;
		};
/* End PBXResourcesBuildPhase section */

/* Begin PBXShellScriptBuildPhase section */
		1E850C0C2735784C9EDCE40D /* [CP] Check Pods Manifest.lock */ = {
			isa = PBXShellScriptBuildPhase;
			buildActionMask = 2147483647;
			files = (
			);
			inputFileListPaths = (
			);
			inputPaths = (
				"${PODS_PODFILE_DIR_PATH}/Podfile.lock",
				"${PODS_ROOT}/Manifest.lock",
			);
			name = "[CP] Check Pods Manifest.lock";
			outputFileListPaths = (
			);
			outputPaths = (
				"$(DERIVED_FILE_DIR)/Pods-pokedex-checkManifestLockResult.txt",
			);
			runOnlyForDeploymentPostprocessing = 0;
			shellPath = /bin/sh;
			shellScript = "diff \"${PODS_PODFILE_DIR_PATH}/Podfile.lock\" \"${PODS_ROOT}/Manifest.lock\" > /dev/null\nif [ $? != 0 ] ; then\n    # print error to STDERR\n    echo \"error: The sandbox is not in sync with the Podfile.lock. Run 'pod install' or update your CocoaPods installation.\" >&2\n    exit 1\nfi\n# This output is used by Xcode 'outputs' to avoid re-running this script phase.\necho \"SUCCESS\" > \"${SCRIPT_OUTPUT_FILE_0}\"\n";
			showEnvVarsInLog = 0;
		};
		65C454B20E7A4E9408FCA31B /* [CP] Check Pods Manifest.lock */ = {
			isa = PBXShellScriptBuildPhase;
			buildActionMask = 2147483647;
			files = (
			);
			inputFileListPaths = (
			);
			inputPaths = (
				"${PODS_PODFILE_DIR_PATH}/Podfile.lock",
				"${PODS_ROOT}/Manifest.lock",
			);
			name = "[CP] Check Pods Manifest.lock";
			outputFileListPaths = (
			);
			outputPaths = (
				"$(DERIVED_FILE_DIR)/Pods-pokedexTests-checkManifestLockResult.txt",
			);
			runOnlyForDeploymentPostprocessing = 0;
			shellPath = /bin/sh;
			shellScript = "diff \"${PODS_PODFILE_DIR_PATH}/Podfile.lock\" \"${PODS_ROOT}/Manifest.lock\" > /dev/null\nif [ $? != 0 ] ; then\n    # print error to STDERR\n    echo \"error: The sandbox is not in sync with the Podfile.lock. Run 'pod install' or update your CocoaPods installation.\" >&2\n    exit 1\nfi\n# This output is used by Xcode 'outputs' to avoid re-running this script phase.\necho \"SUCCESS\" > \"${SCRIPT_OUTPUT_FILE_0}\"\n";
			showEnvVarsInLog = 0;
		};
		6F5E5B4A12A50A41AE9EC40C /* [CP] Embed Pods Frameworks */ = {
			isa = PBXShellScriptBuildPhase;
			buildActionMask = 2147483647;
			files = (
			);
			inputFileListPaths = (
				"${PODS_ROOT}/Target Support Files/Pods-pokedex/Pods-pokedex-frameworks-${CONFIGURATION}-input-files.xcfilelist",
			);
			name = "[CP] Embed Pods Frameworks";
			outputFileListPaths = (
				"${PODS_ROOT}/Target Support Files/Pods-pokedex/Pods-pokedex-frameworks-${CONFIGURATION}-output-files.xcfilelist",
			);
			runOnlyForDeploymentPostprocessing = 0;
			shellPath = /bin/sh;
			shellScript = "\"${PODS_ROOT}/Target Support Files/Pods-pokedex/Pods-pokedex-frameworks.sh\"\n";
			showEnvVarsInLog = 0;
		};
		CE01906129304C6D00870D24 /* Apollo GraphQL */ = {
			isa = PBXShellScriptBuildPhase;
			buildActionMask = 8;
			files = (
			);
			inputFileListPaths = (
			);
			inputPaths = (
			);
			name = "Apollo GraphQL";
			outputFileListPaths = (
			);
			outputPaths = (
			);
			runOnlyForDeploymentPostprocessing = 1;
			shellPath = /bin/sh;
			shellScript = "# Don't run this during index builds\nif [ $ACTION = \"indexbuild\" ]; then exit 0; fi\n# Go to the build root and search up the chain to find the Derived Data Path where the source packages are checked out.\nDERIVED_DATA_CANDIDATE=\"${BUILD_ROOT}\"\nwhile ! [ -d \"${DERIVED_DATA_CANDIDATE}/SourcePackages\" ]; do\n  if [ \"${DERIVED_DATA_CANDIDATE}\" = / ]; then\n    echo >&2 \"error: Unable to locate SourcePackages directory from BUILD_ROOT: '${BUILD_ROOT}'\"\n    exit 1\n  fi\n  DERIVED_DATA_CANDIDATE=\"$(dirname \"${DERIVED_DATA_CANDIDATE}\")\"\ndone\n# Grab a reference to the directory where scripts are checked out\nSCRIPT_PATH=\"${DERIVED_DATA_CANDIDATE}/SourcePackages/checkouts/apollo-ios/scripts\"\nif [ -z \"${SCRIPT_PATH}\" ]; then\n    echo >&2 \"error: Couldn't find the CLI script in your checked out SPM packages; make sure to add the framework to your project.\"\n    exit 1\nfi\ncd \"${SRCROOT}/${TARGET_NAME}\"\n\"${SCRIPT_PATH}\"/run-bundled-codegen.sh codegen:generate --target=swift --includes=./**/Queries.graphql --passthroughCustomScalars --localSchemaFile=\"helpers/GraphQL/schema.json\" API.swift\n";
		};
		CE3A2B5F292FA8CD00D6AEFC /* Swift Lint */ = {
			isa = PBXShellScriptBuildPhase;
			buildActionMask = 2147483647;
			files = (
			);
			inputFileListPaths = (
			);
			inputPaths = (
			);
			name = "Swift Lint";
			outputFileListPaths = (
			);
			outputPaths = (
			);
			runOnlyForDeploymentPostprocessing = 0;
			shellPath = /bin/sh;
			shellScript = "# Type a script or drag a script file from your workspace to insert its path.\n\"${PODS_ROOT}/SwiftLint/swiftlint\"\n";
		};
/* End PBXShellScriptBuildPhase section */

/* Begin PBXSourcesBuildPhase section */
		CE3A2B25292F1B2B00D6AEFC /* Sources */ = {
			isa = PBXSourcesBuildPhase;
			buildActionMask = 2147483647;
			files = (
				CE05169529350F39004DEA1D /* UIViewExtension.swift in Sources */,
				CEB063A72936941E00B9951B /* PokemonColors.swift in Sources */,
				CE05169B293544BA004DEA1D /* PokemonHelper.swift in Sources */,
				CEB063B02936C45300B9951B /* EvolutionTableViewCell.swift in Sources */,
				CE0190662930550300870D24 /* PokeApiResponse.swift in Sources */,
				CEB063A92936965A00B9951B /* UIColorExtension.swift in Sources */,
				CE3A2B37292F1B2B00D6AEFC /* pokedex.xcdatamodeld in Sources */,
				CE01906C2930F0CC00870D24 /* NetworkManager.swift in Sources */,
				CE8B9681293A43A500724015 /* PokemonStatisticsSlide.swift in Sources */,
				CE3A2B31292F1B2B00D6AEFC /* PokemonListViewController.swift in Sources */,
				CE3A2B2D292F1B2B00D6AEFC /* AppDelegate.swift in Sources */,
				CE3A2B2F292F1B2B00D6AEFC /* SceneDelegate.swift in Sources */,
				CE05169729351270004DEA1D /* Gradient.swift in Sources */,
				CE01907D2931641500870D24 /* PokedexManager.swift in Sources */,
				CE01905C29304C0500870D24 /* GraphQLConverter.swift in Sources */,
				CE0516902934FDDC004DEA1D /* PokemonDetailViewController.swift in Sources */,
				CE0190682930EFFD00870D24 /* Constants.swift in Sources */,
				CE01906A2930F06D00870D24 /* PokemonWeaknesses.swift in Sources */,
				CE8B9685293A809A00724015 /* PokemonEvolutionSlide.swift in Sources */,
				CE30C1342937C62900ECB1C3 /* PokemonDetailViewModel.swift in Sources */,
				CE0190782931620D00870D24 /* PokemonListViewModel.swift in Sources */,
				CE0190752931438500870D24 /* PokemonTableViewCell.swift in Sources */,
				CEABC524293D4D8100A38044 /* API.swift in Sources */,
				CEDA65AD2938F49D0014DDD4 /* ImageHelper.swift in Sources */,
			);
			runOnlyForDeploymentPostprocessing = 0;
		};
		CE3A2B3E292F1B2D00D6AEFC /* Sources */ = {
			isa = PBXSourcesBuildPhase;
			buildActionMask = 2147483647;
			files = (
				CE3A2B47292F1B2D00D6AEFC /* pokedexTests.swift in Sources */,
			);
			runOnlyForDeploymentPostprocessing = 0;
		};
/* End PBXSourcesBuildPhase section */

/* Begin PBXTargetDependency section */
		CE3A2B44292F1B2D00D6AEFC /* PBXTargetDependency */ = {
			isa = PBXTargetDependency;
			target = CE3A2B28292F1B2B00D6AEFC /* pokedex */;
			targetProxy = CE3A2B43292F1B2D00D6AEFC /* PBXContainerItemProxy */;
		};
/* End PBXTargetDependency section */

/* Begin PBXVariantGroup section */
		CE3A2B32292F1B2B00D6AEFC /* Main.storyboard */ = {
			isa = PBXVariantGroup;
			children = (
				CE3A2B33292F1B2B00D6AEFC /* Base */,
			);
			name = Main.storyboard;
			sourceTree = "<group>";
		};
		CE3A2B3A292F1B2C00D6AEFC /* LaunchScreen.storyboard */ = {
			isa = PBXVariantGroup;
			children = (
				CE3A2B3B292F1B2C00D6AEFC /* Base */,
			);
			name = LaunchScreen.storyboard;
			sourceTree = "<group>";
		};
/* End PBXVariantGroup section */

/* Begin XCBuildConfiguration section */
		CE3A2B54292F1B2D00D6AEFC /* Debug */ = {
			isa = XCBuildConfiguration;
			buildSettings = {
				ALWAYS_SEARCH_USER_PATHS = NO;
				CLANG_ANALYZER_NONNULL = YES;
				CLANG_ANALYZER_NUMBER_OBJECT_CONVERSION = YES_AGGRESSIVE;
				CLANG_CXX_LANGUAGE_STANDARD = "gnu++17";
				CLANG_ENABLE_MODULES = YES;
				CLANG_ENABLE_OBJC_ARC = YES;
				CLANG_ENABLE_OBJC_WEAK = YES;
				CLANG_WARN_BLOCK_CAPTURE_AUTORELEASING = YES;
				CLANG_WARN_BOOL_CONVERSION = YES;
				CLANG_WARN_COMMA = YES;
				CLANG_WARN_CONSTANT_CONVERSION = YES;
				CLANG_WARN_DEPRECATED_OBJC_IMPLEMENTATIONS = YES;
				CLANG_WARN_DIRECT_OBJC_ISA_USAGE = YES_ERROR;
				CLANG_WARN_DOCUMENTATION_COMMENTS = YES;
				CLANG_WARN_EMPTY_BODY = YES;
				CLANG_WARN_ENUM_CONVERSION = YES;
				CLANG_WARN_INFINITE_RECURSION = YES;
				CLANG_WARN_INT_CONVERSION = YES;
				CLANG_WARN_NON_LITERAL_NULL_CONVERSION = YES;
				CLANG_WARN_OBJC_IMPLICIT_RETAIN_SELF = YES;
				CLANG_WARN_OBJC_LITERAL_CONVERSION = YES;
				CLANG_WARN_OBJC_ROOT_CLASS = YES_ERROR;
				CLANG_WARN_QUOTED_INCLUDE_IN_FRAMEWORK_HEADER = YES;
				CLANG_WARN_RANGE_LOOP_ANALYSIS = YES;
				CLANG_WARN_STRICT_PROTOTYPES = YES;
				CLANG_WARN_SUSPICIOUS_MOVE = YES;
				CLANG_WARN_UNGUARDED_AVAILABILITY = YES_AGGRESSIVE;
				CLANG_WARN_UNREACHABLE_CODE = YES;
				CLANG_WARN__DUPLICATE_METHOD_MATCH = YES;
				COPY_PHASE_STRIP = NO;
				DEBUG_INFORMATION_FORMAT = dwarf;
				ENABLE_STRICT_OBJC_MSGSEND = YES;
				ENABLE_TESTABILITY = YES;
				GCC_C_LANGUAGE_STANDARD = gnu11;
				GCC_DYNAMIC_NO_PIC = NO;
				GCC_NO_COMMON_BLOCKS = YES;
				GCC_OPTIMIZATION_LEVEL = 0;
				GCC_PREPROCESSOR_DEFINITIONS = (
					"DEBUG=1",
					"$(inherited)",
				);
				GCC_WARN_64_TO_32_BIT_CONVERSION = YES;
				GCC_WARN_ABOUT_RETURN_TYPE = YES_ERROR;
				GCC_WARN_UNDECLARED_SELECTOR = YES;
				GCC_WARN_UNINITIALIZED_AUTOS = YES_AGGRESSIVE;
				GCC_WARN_UNUSED_FUNCTION = YES;
				GCC_WARN_UNUSED_VARIABLE = YES;
				IPHONEOS_DEPLOYMENT_TARGET = 15.5;
				MTL_ENABLE_DEBUG_INFO = INCLUDE_SOURCE;
				MTL_FAST_MATH = YES;
				ONLY_ACTIVE_ARCH = YES;
				SDKROOT = iphoneos;
				SWIFT_ACTIVE_COMPILATION_CONDITIONS = DEBUG;
				SWIFT_OPTIMIZATION_LEVEL = "-Onone";
			};
			name = Debug;
		};
		CE3A2B55292F1B2D00D6AEFC /* Release */ = {
			isa = XCBuildConfiguration;
			buildSettings = {
				ALWAYS_SEARCH_USER_PATHS = NO;
				CLANG_ANALYZER_NONNULL = YES;
				CLANG_ANALYZER_NUMBER_OBJECT_CONVERSION = YES_AGGRESSIVE;
				CLANG_CXX_LANGUAGE_STANDARD = "gnu++17";
				CLANG_ENABLE_MODULES = YES;
				CLANG_ENABLE_OBJC_ARC = YES;
				CLANG_ENABLE_OBJC_WEAK = YES;
				CLANG_WARN_BLOCK_CAPTURE_AUTORELEASING = YES;
				CLANG_WARN_BOOL_CONVERSION = YES;
				CLANG_WARN_COMMA = YES;
				CLANG_WARN_CONSTANT_CONVERSION = YES;
				CLANG_WARN_DEPRECATED_OBJC_IMPLEMENTATIONS = YES;
				CLANG_WARN_DIRECT_OBJC_ISA_USAGE = YES_ERROR;
				CLANG_WARN_DOCUMENTATION_COMMENTS = YES;
				CLANG_WARN_EMPTY_BODY = YES;
				CLANG_WARN_ENUM_CONVERSION = YES;
				CLANG_WARN_INFINITE_RECURSION = YES;
				CLANG_WARN_INT_CONVERSION = YES;
				CLANG_WARN_NON_LITERAL_NULL_CONVERSION = YES;
				CLANG_WARN_OBJC_IMPLICIT_RETAIN_SELF = YES;
				CLANG_WARN_OBJC_LITERAL_CONVERSION = YES;
				CLANG_WARN_OBJC_ROOT_CLASS = YES_ERROR;
				CLANG_WARN_QUOTED_INCLUDE_IN_FRAMEWORK_HEADER = YES;
				CLANG_WARN_RANGE_LOOP_ANALYSIS = YES;
				CLANG_WARN_STRICT_PROTOTYPES = YES;
				CLANG_WARN_SUSPICIOUS_MOVE = YES;
				CLANG_WARN_UNGUARDED_AVAILABILITY = YES_AGGRESSIVE;
				CLANG_WARN_UNREACHABLE_CODE = YES;
				CLANG_WARN__DUPLICATE_METHOD_MATCH = YES;
				COPY_PHASE_STRIP = NO;
				DEBUG_INFORMATION_FORMAT = "dwarf-with-dsym";
				ENABLE_NS_ASSERTIONS = NO;
				ENABLE_STRICT_OBJC_MSGSEND = YES;
				GCC_C_LANGUAGE_STANDARD = gnu11;
				GCC_NO_COMMON_BLOCKS = YES;
				GCC_WARN_64_TO_32_BIT_CONVERSION = YES;
				GCC_WARN_ABOUT_RETURN_TYPE = YES_ERROR;
				GCC_WARN_UNDECLARED_SELECTOR = YES;
				GCC_WARN_UNINITIALIZED_AUTOS = YES_AGGRESSIVE;
				GCC_WARN_UNUSED_FUNCTION = YES;
				GCC_WARN_UNUSED_VARIABLE = YES;
				IPHONEOS_DEPLOYMENT_TARGET = 15.5;
				MTL_ENABLE_DEBUG_INFO = NO;
				MTL_FAST_MATH = YES;
				SDKROOT = iphoneos;
				SWIFT_COMPILATION_MODE = wholemodule;
				SWIFT_OPTIMIZATION_LEVEL = "-O";
				VALIDATE_PRODUCT = YES;
			};
			name = Release;
		};
		CE3A2B57292F1B2D00D6AEFC /* Debug */ = {
			isa = XCBuildConfiguration;
			baseConfigurationReference = 62588C239A44A7E641C93B06 /* Pods-pokedex.debug.xcconfig */;
			buildSettings = {
				ASSETCATALOG_COMPILER_APPICON_NAME = AppIcon;
				ASSETCATALOG_COMPILER_GLOBAL_ACCENT_COLOR_NAME = AccentColor;
				CODE_SIGN_STYLE = Automatic;
				CURRENT_PROJECT_VERSION = 1;
				DEVELOPMENT_TEAM = 9GDGJZFPVD;
				GENERATE_INFOPLIST_FILE = YES;
				INFOPLIST_FILE = pokedex/Info.plist;
				INFOPLIST_KEY_UIApplicationSupportsIndirectInputEvents = YES;
				INFOPLIST_KEY_UILaunchStoryboardName = LaunchScreen;
				INFOPLIST_KEY_UIMainStoryboardFile = Main;
				INFOPLIST_KEY_UISupportedInterfaceOrientations_iPad = "UIInterfaceOrientationPortrait UIInterfaceOrientationPortraitUpsideDown UIInterfaceOrientationLandscapeLeft UIInterfaceOrientationLandscapeRight";
				INFOPLIST_KEY_UISupportedInterfaceOrientations_iPhone = "UIInterfaceOrientationPortrait UIInterfaceOrientationLandscapeLeft UIInterfaceOrientationLandscapeRight";
				LD_RUNPATH_SEARCH_PATHS = (
					"$(inherited)",
					"@executable_path/Frameworks",
				);
				MARKETING_VERSION = 1.0;
				PRODUCT_BUNDLE_IDENTIFIER = com.ioan.pokedex;
				PRODUCT_NAME = "$(TARGET_NAME)";
				SWIFT_EMIT_LOC_STRINGS = YES;
				SWIFT_VERSION = 5.0;
				TARGETED_DEVICE_FAMILY = "1,2";
			};
			name = Debug;
		};
		CE3A2B58292F1B2D00D6AEFC /* Release */ = {
			isa = XCBuildConfiguration;
			baseConfigurationReference = 3A41B560B84DAC07A6BC5D58 /* Pods-pokedex.release.xcconfig */;
			buildSettings = {
				ASSETCATALOG_COMPILER_APPICON_NAME = AppIcon;
				ASSETCATALOG_COMPILER_GLOBAL_ACCENT_COLOR_NAME = AccentColor;
				CODE_SIGN_STYLE = Automatic;
				CURRENT_PROJECT_VERSION = 1;
				DEVELOPMENT_TEAM = 9GDGJZFPVD;
				GENERATE_INFOPLIST_FILE = YES;
				INFOPLIST_FILE = pokedex/Info.plist;
				INFOPLIST_KEY_UIApplicationSupportsIndirectInputEvents = YES;
				INFOPLIST_KEY_UILaunchStoryboardName = LaunchScreen;
				INFOPLIST_KEY_UIMainStoryboardFile = Main;
				INFOPLIST_KEY_UISupportedInterfaceOrientations_iPad = "UIInterfaceOrientationPortrait UIInterfaceOrientationPortraitUpsideDown UIInterfaceOrientationLandscapeLeft UIInterfaceOrientationLandscapeRight";
				INFOPLIST_KEY_UISupportedInterfaceOrientations_iPhone = "UIInterfaceOrientationPortrait UIInterfaceOrientationLandscapeLeft UIInterfaceOrientationLandscapeRight";
				LD_RUNPATH_SEARCH_PATHS = (
					"$(inherited)",
					"@executable_path/Frameworks",
				);
				MARKETING_VERSION = 1.0;
				PRODUCT_BUNDLE_IDENTIFIER = com.ioan.pokedex;
				PRODUCT_NAME = "$(TARGET_NAME)";
				SWIFT_EMIT_LOC_STRINGS = YES;
				SWIFT_VERSION = 5.0;
				TARGETED_DEVICE_FAMILY = "1,2";
			};
			name = Release;
		};
		CE3A2B5A292F1B2D00D6AEFC /* Debug */ = {
			isa = XCBuildConfiguration;
			baseConfigurationReference = 646F588B80627F24114473BB /* Pods-pokedexTests.debug.xcconfig */;
			buildSettings = {
				ALWAYS_EMBED_SWIFT_STANDARD_LIBRARIES = YES;
				BUNDLE_LOADER = "$(TEST_HOST)";
				CODE_SIGN_STYLE = Automatic;
				CURRENT_PROJECT_VERSION = 1;
				DEVELOPMENT_TEAM = 9GDGJZFPVD;
				GENERATE_INFOPLIST_FILE = YES;
				IPHONEOS_DEPLOYMENT_TARGET = 15.5;
				MARKETING_VERSION = 1.0;
				PRODUCT_BUNDLE_IDENTIFIER = com.ioan.pokedexTests;
				PRODUCT_NAME = "$(TARGET_NAME)";
				SWIFT_EMIT_LOC_STRINGS = NO;
				SWIFT_VERSION = 5.0;
				TARGETED_DEVICE_FAMILY = "1,2";
				TEST_HOST = "$(BUILT_PRODUCTS_DIR)/pokedex.app/pokedex";
			};
			name = Debug;
		};
		CE3A2B5B292F1B2D00D6AEFC /* Release */ = {
			isa = XCBuildConfiguration;
			baseConfigurationReference = 25A29FDE5BA1A1DD689227D3 /* Pods-pokedexTests.release.xcconfig */;
			buildSettings = {
				ALWAYS_EMBED_SWIFT_STANDARD_LIBRARIES = YES;
				BUNDLE_LOADER = "$(TEST_HOST)";
				CODE_SIGN_STYLE = Automatic;
				CURRENT_PROJECT_VERSION = 1;
				DEVELOPMENT_TEAM = 9GDGJZFPVD;
				GENERATE_INFOPLIST_FILE = YES;
				IPHONEOS_DEPLOYMENT_TARGET = 15.5;
				MARKETING_VERSION = 1.0;
				PRODUCT_BUNDLE_IDENTIFIER = com.ioan.pokedexTests;
				PRODUCT_NAME = "$(TARGET_NAME)";
				SWIFT_EMIT_LOC_STRINGS = NO;
				SWIFT_VERSION = 5.0;
				TARGETED_DEVICE_FAMILY = "1,2";
				TEST_HOST = "$(BUILT_PRODUCTS_DIR)/pokedex.app/pokedex";
			};
			name = Release;
		};
/* End XCBuildConfiguration section */

/* Begin XCConfigurationList section */
		CE3A2B24292F1B2B00D6AEFC /* Build configuration list for PBXProject "pokedex" */ = {
			isa = XCConfigurationList;
			buildConfigurations = (
				CE3A2B54292F1B2D00D6AEFC /* Debug */,
				CE3A2B55292F1B2D00D6AEFC /* Release */,
			);
			defaultConfigurationIsVisible = 0;
			defaultConfigurationName = Release;
		};
		CE3A2B56292F1B2D00D6AEFC /* Build configuration list for PBXNativeTarget "pokedex" */ = {
			isa = XCConfigurationList;
			buildConfigurations = (
				CE3A2B57292F1B2D00D6AEFC /* Debug */,
				CE3A2B58292F1B2D00D6AEFC /* Release */,
			);
			defaultConfigurationIsVisible = 0;
			defaultConfigurationName = Release;
		};
		CE3A2B59292F1B2D00D6AEFC /* Build configuration list for PBXNativeTarget "pokedexTests" */ = {
			isa = XCConfigurationList;
			buildConfigurations = (
				CE3A2B5A292F1B2D00D6AEFC /* Debug */,
				CE3A2B5B292F1B2D00D6AEFC /* Release */,
			);
			defaultConfigurationIsVisible = 0;
			defaultConfigurationName = Release;
		};
/* End XCConfigurationList section */

/* Begin XCRemoteSwiftPackageReference section */
		CE01904A29304AC300870D24 /* XCRemoteSwiftPackageReference "apollo-ios" */ = {
			isa = XCRemoteSwiftPackageReference;
			repositoryURL = "https://github.com/apollographql/apollo-ios";
			requirement = {
				kind = exactVersion;
				version = 0.49.1;
			};
		};
/* End XCRemoteSwiftPackageReference section */

/* Begin XCSwiftPackageProductDependency section */
		CE01904B29304AC300870D24 /* Apollo */ = {
			isa = XCSwiftPackageProductDependency;
			package = CE01904A29304AC300870D24 /* XCRemoteSwiftPackageReference "apollo-ios" */;
			productName = Apollo;
		};
		CE01904F29304AC300870D24 /* ApolloAPI */ = {
			isa = XCSwiftPackageProductDependency;
			package = CE01904A29304AC300870D24 /* XCRemoteSwiftPackageReference "apollo-ios" */;
			productName = ApolloAPI;
		};
		CE01905329304AC300870D24 /* ApolloSQLite */ = {
			isa = XCSwiftPackageProductDependency;
			package = CE01904A29304AC300870D24 /* XCRemoteSwiftPackageReference "apollo-ios" */;
			productName = ApolloSQLite;
		};
		CE01905529304AC300870D24 /* ApolloUtils */ = {
			isa = XCSwiftPackageProductDependency;
			package = CE01904A29304AC300870D24 /* XCRemoteSwiftPackageReference "apollo-ios" */;
			productName = ApolloUtils;
		};
		CE01905729304AC300870D24 /* ApolloWebSocket */ = {
			isa = XCSwiftPackageProductDependency;
			package = CE01904A29304AC300870D24 /* XCRemoteSwiftPackageReference "apollo-ios" */;
			productName = ApolloWebSocket;
		};
/* End XCSwiftPackageProductDependency section */

/* Begin XCVersionGroup section */
		CE3A2B35292F1B2B00D6AEFC /* pokedex.xcdatamodeld */ = {
			isa = XCVersionGroup;
			children = (
				CE3A2B36292F1B2B00D6AEFC /* pokedex.xcdatamodel */,
			);
			currentVersion = CE3A2B36292F1B2B00D6AEFC /* pokedex.xcdatamodel */;
			path = pokedex.xcdatamodeld;
			sourceTree = "<group>";
			versionGroupType = wrapper.xcdatamodel;
		};
/* End XCVersionGroup section */
	};
	rootObject = CE3A2B21292F1B2B00D6AEFC /* Project object */;
}
